
Microsoft Visual Studio Solution File, Format Version 12.00
# Visual Studio Version 16
VisualStudioVersion = 16.0.31025.194
MinimumVisualStudioVersion = 10.0.40219.1
Project("{FAE04EC0-301F-11D3-BF4B-00C04F79EFBC}") = "Family_Tree", "Family_Tree\Family_Tree.csproj", "{607CDDE2-9E26-4F7A-BEC1-D967D0EE8D79}"
EndProject
Global
	GlobalSection(SolutionConfigurationPlatforms) = preSolution
		Debug|Any CPU = Debug|Any CPU
		Release|Any CPU = Release|Any CPU
	EndGlobalSection
	GlobalSection(ProjectConfigurationPlatforms) = postSolution
		{607CDDE2-9E26-4F7A-BEC1-D967D0EE8D79}.Debug|Any CPU.ActiveCfg = Debug|Any CPU
		{607CDDE2-9E26-4F7A-BEC1-D967D0EE8D79}.Debug|Any CPU.Build.0 = Debug|Any CPU
		{607CDDE2-9E26-4F7A-BEC1-D967D0EE8D79}.Release|Any CPU.ActiveCfg = Release|Any CPU
		{607CDDE2-9E26-4F7A-BEC1-D967D0EE8D79}.Release|Any CPU.Build.0 = Release|Any CPU
	EndGlobalSection
	GlobalSection(SolutionProperties) = preSolution
		HideSolutionNode = FALSE
	EndGlobalSection
	GlobalSection(ExtensibilityGlobals) = postSolution
		SolutionGuid = {5FEC8CCF-1BBD-470E-8631-6B56F8F26AF6}
	EndGlobalSection
EndGlobal
