
Microsoft Visual Studio Solution File, Format Version 12.00
# Visual Studio Version 16
VisualStudioVersion = 16.0.31025.194
MinimumVisualStudioVersion = 10.0.40219.1
Project("{FAE04EC0-301F-11D3-BF4B-00C04F79EFBC}") = "Clock_Type_Conversion_Operator", "Clock_Type_Conversion_Operator\Clock_Type_Conversion_Operator.csproj", "{3636BC92-B315-4B54-B094-E97F0571DC1F}"
EndProject
Global
	GlobalSection(SolutionConfigurationPlatforms) = preSolution
		Debug|Any CPU = Debug|Any CPU
		Release|Any CPU = Release|Any CPU
	EndGlobalSection
	GlobalSection(ProjectConfigurationPlatforms) = postSolution
		{3636BC92-B315-4B54-B094-E97F0571DC1F}.Debug|Any CPU.ActiveCfg = Debug|Any CPU
		{3636BC92-B315-4B54-B094-E97F0571DC1F}.Debug|Any CPU.Build.0 = Debug|Any CPU
		{3636BC92-B315-4B54-B094-E97F0571DC1F}.Release|Any CPU.ActiveCfg = Release|Any CPU
		{3636BC92-B315-4B54-B094-E97F0571DC1F}.Release|Any CPU.Build.0 = Release|Any CPU
	EndGlobalSection
	GlobalSection(SolutionProperties) = preSolution
		HideSolutionNode = FALSE
	EndGlobalSection
	GlobalSection(ExtensibilityGlobals) = postSolution
		SolutionGuid = {6C11E867-DCDF-4335-8692-0AA58D923E38}
	EndGlobalSection
EndGlobal
