
Microsoft Visual Studio Solution File, Format Version 12.00
# Visual Studio Version 16
VisualStudioVersion = 16.0.31025.194
MinimumVisualStudioVersion = 10.0.40219.1
Project("{FAE04EC0-301F-11D3-BF4B-00C04F79EFBC}") = "Thermometer_Type_Conversion_Operator", "Thermometer_Type_Conversion_Operator\Thermometer_Type_Conversion_Operator.csproj", "{7E78EF24-F6C3-4BF7-8AC4-75A2CDE9A691}"
EndProject
Global
	GlobalSection(SolutionConfigurationPlatforms) = preSolution
		Debug|Any CPU = Debug|Any CPU
		Release|Any CPU = Release|Any CPU
	EndGlobalSection
	GlobalSection(ProjectConfigurationPlatforms) = postSolution
		{7E78EF24-F6C3-4BF7-8AC4-75A2CDE9A691}.Debug|Any CPU.ActiveCfg = Debug|Any CPU
		{7E78EF24-F6C3-4BF7-8AC4-75A2CDE9A691}.Debug|Any CPU.Build.0 = Debug|Any CPU
		{7E78EF24-F6C3-4BF7-8AC4-75A2CDE9A691}.Release|Any CPU.ActiveCfg = Release|Any CPU
		{7E78EF24-F6C3-4BF7-8AC4-75A2CDE9A691}.Release|Any CPU.Build.0 = Release|Any CPU
	EndGlobalSection
	GlobalSection(SolutionProperties) = preSolution
		HideSolutionNode = FALSE
	EndGlobalSection
	GlobalSection(ExtensibilityGlobals) = postSolution
		SolutionGuid = {CAE4368A-8BA4-4A49-9EEB-DFC7241022ED}
	EndGlobalSection
EndGlobal
